
Microsoft Visual Studio Solution File, Format Version 12.00
# Visual Studio Version 16
VisualStudioVersion = 16.0.29613.14
MinimumVisualStudioVersion = 10.0.40219.1
Project("{FAE04EC0-301F-11D3-BF4B-00C04F79EFBC}") = "ManagingMultiThreading", "ManagingMultiThreading\ManagingMultiThreading.csproj", "{9263C989-D044-4D33-ABCC-A82449B4A4F6}"
EndProject
Global
	GlobalSection(SolutionConfigurationPlatforms) = preSolution
		Debug|Any CPU = Debug|Any CPU
		Release|Any CPU = Release|Any CPU
	EndGlobalSection
	GlobalSection(ProjectConfigurationPlatforms) = postSolution
		{9263C989-D044-4D33-ABCC-A82449B4A4F6}.Debug|Any CPU.ActiveCfg = Debug|Any CPU
		{9263C989-D044-4D33-ABCC-A82449B4A4F6}.Debug|Any CPU.Build.0 = Debug|Any CPU
		{9263C989-D044-4D33-ABCC-A82449B4A4F6}.Release|Any CPU.ActiveCfg = Release|Any CPU
		{9263C989-D044-4D33-ABCC-A82449B4A4F6}.Release|Any CPU.Build.0 = Release|Any CPU
	EndGlobalSection
	GlobalSection(SolutionProperties) = preSolution
		HideSolutionNode = FALSE
	EndGlobalSection
	GlobalSection(ExtensibilityGlobals) = postSolution
		SolutionGuid = {3CE3F2B5-DB1D-4BD5-B3FD-7FF0FD32A5F8}
	EndGlobalSection
EndGlobal
